
Microsoft Visual Studio Solution File, Format Version 12.00
# Visual Studio Version 16
VisualStudioVersion = 16.0.31410.357
MinimumVisualStudioVersion = 10.0.40219.1
Project("{FAE04EC0-301F-11D3-BF4B-00C04F79EFBC}") = "EstudosFluentAPI", "EstudosFluentAPI\EstudosFluentAPI.csproj", "{EE6DF5C0-7E66-4AA3-964D-1F54F91BB40F}"
EndProject
Global
	GlobalSection(SolutionConfigurationPlatforms) = preSolution
		Debug|Any CPU = Debug|Any CPU
		Release|Any CPU = Release|Any CPU
	EndGlobalSection
	GlobalSection(ProjectConfigurationPlatforms) = postSolution
		{EE6DF5C0-7E66-4AA3-964D-1F54F91BB40F}.Debug|Any CPU.ActiveCfg = Debug|Any CPU
		{EE6DF5C0-7E66-4AA3-964D-1F54F91BB40F}.Debug|Any CPU.Build.0 = Debug|Any CPU
		{EE6DF5C0-7E66-4AA3-964D-1F54F91BB40F}.Release|Any CPU.ActiveCfg = Release|Any CPU
		{EE6DF5C0-7E66-4AA3-964D-1F54F91BB40F}.Release|Any CPU.Build.0 = Release|Any CPU
	EndGlobalSection
	GlobalSection(SolutionProperties) = preSolution
		HideSolutionNode = FALSE
	EndGlobalSection
	GlobalSection(ExtensibilityGlobals) = postSolution
		SolutionGuid = {1258CCEE-036E-4F47-88DF-9F80143DCC77}
	EndGlobalSection
EndGlobal
